<?xml version="1.0" encoding="UTF-8"?>
<Scheme
   version = "1.3">
   <BuildAction>
      <BuildActionEntries>
         <BuildActionEntry
            buildForRunning = "YES">
            <BuildableReference
               BuildableIdentifier = "primary"
               BlueprintIdentifier = "754E96F09CC30EABEE1078E1"
               BuildableName = "SwiftTumblrAPI.app"
               BlueprintName = "SwiftTumblrAPI (iOS)"
               ReferencedContainer = "container:SwiftTumblrAPI.xcodeproj">
            </BuildableReference>
         </BuildActionEntry>
      </BuildActionEntries>
   </BuildAction>
   <LaunchAction
      useCustomWorkingDirectory = "NO"
      buildConfiguration = "Debug"
      allowLocationSimulation = "YES">
      <BuildableProductRunnable>
         <BuildableReference
            BuildableIdentifier = "primary"
            BlueprintIdentifier = "754E96F09CC30EABEE1078E1"
            BuildableName = "SwiftTumblrAPI.app"
            BlueprintName = "SwiftTumblrAPI (iOS)"
            ReferencedContainer = "container:SwiftTumblrAPI.xcodeproj">
         </BuildableReference>
      </BuildableProductRunnable>
   </LaunchAction>
</Scheme>
